
Microsoft Visual Studio Solution File, Format Version 12.00
# Visual Studio 2012
Project("{8BC9CEB8-8B4A-11D0-8D11-00A0C91BC942}") = "FlightBookingSystem", "FlightBookingSystem\FlightBookingSystem.vcxproj", "{FD3D0C42-530A-4622-BE73-0D215F400146}"
EndProject
Global
	GlobalSection(SolutionConfigurationPlatforms) = preSolution
		Debug|Win32 = Debug|Win32
		Release|Win32 = Release|Win32
	EndGlobalSection
	GlobalSection(ProjectConfigurationPlatforms) = postSolution
		{FD3D0C42-530A-4622-BE73-0D215F400146}.Debug|Win32.ActiveCfg = Debug|Win32
		{FD3D0C42-530A-4622-BE73-0D215F400146}.Debug|Win32.Build.0 = Debug|Win32
		{FD3D0C42-530A-4622-BE73-0D215F400146}.Release|Win32.ActiveCfg = Release|Win32
		{FD3D0C42-530A-4622-BE73-0D215F400146}.Release|Win32.Build.0 = Release|Win32
	EndGlobalSection
	GlobalSection(SolutionProperties) = preSolution
		HideSolutionNode = FALSE
	EndGlobalSection
EndGlobal
